
Microsoft Visual Studio Solution File, Format Version 12.00
# Visual Studio Version 17
VisualStudioVersion = 17.13.35818.85
MinimumVisualStudioVersion = 10.0.40219.1
Project("{F184B08F-C81C-45F6-A57F-5ABD9991F28F}") = "03AfterDI_Switch", "03AfterDI_Switch.vbproj", "{E5027AE4-59C8-4735-BB0E-E0A8091C1D91}"
EndProject
Project("{F184B08F-C81C-45F6-A57F-5ABD9991F28F}") = "Test03AfterDI_Switch", "Test03AfterDI_Switch\Test03AfterDI_Switch.vbproj", "{2DABAAC9-734A-4507-A794-482B598F0D0B}"
EndProject
Global
	GlobalSection(SolutionConfigurationPlatforms) = preSolution
		Debug|Any CPU = Debug|Any CPU
		Release|Any CPU = Release|Any CPU
	EndGlobalSection
	GlobalSection(ProjectConfigurationPlatforms) = postSolution
		{E5027AE4-59C8-4735-BB0E-E0A8091C1D91}.Debug|Any CPU.ActiveCfg = Debug|Any CPU
		{E5027AE4-59C8-4735-BB0E-E0A8091C1D91}.Debug|Any CPU.Build.0 = Debug|Any CPU
		{E5027AE4-59C8-4735-BB0E-E0A8091C1D91}.Release|Any CPU.ActiveCfg = Release|Any CPU
		{E5027AE4-59C8-4735-BB0E-E0A8091C1D91}.Release|Any CPU.Build.0 = Release|Any CPU
		{2DABAAC9-734A-4507-A794-482B598F0D0B}.Debug|Any CPU.ActiveCfg = Debug|Any CPU
		{2DABAAC9-734A-4507-A794-482B598F0D0B}.Debug|Any CPU.Build.0 = Debug|Any CPU
		{2DABAAC9-734A-4507-A794-482B598F0D0B}.Release|Any CPU.ActiveCfg = Release|Any CPU
		{2DABAAC9-734A-4507-A794-482B598F0D0B}.Release|Any CPU.Build.0 = Release|Any CPU
	EndGlobalSection
	GlobalSection(SolutionProperties) = preSolution
		HideSolutionNode = FALSE
	EndGlobalSection
	GlobalSection(ExtensibilityGlobals) = postSolution
		SolutionGuid = {11A58A0D-6343-451C-B8BD-292ED38FD5FB}
	EndGlobalSection
EndGlobal
